
Microsoft Visual Studio Solution File, Format Version 12.00
# Visual Studio Version 17
VisualStudioVersion = 17.1.32421.90
MinimumVisualStudioVersion = 10.0.40219.1
Project("{E24C65DC-7377-472B-9ABA-BC803B73C61A}") = "PKWeb", "http://localhost/PKWeb", "{C76513DD-31F2-4873-A39F-DEEB4FF51CAB}"
	ProjectSection(WebsiteProperties) = preProject
		UseIISExpress = "false"
		TargetFrameworkMoniker = ".NETFramework,Version%3Dv4.8"
		Debug.AspNetCompiler.VirtualPath = "/PKWeb"
		Debug.AspNetCompiler.PhysicalPath = "src\PKWeb\"
		Debug.AspNetCompiler.TargetPath = "PrecompiledWeb\PKWeb\"
		Debug.AspNetCompiler.Updateable = "true"
		Debug.AspNetCompiler.ForceOverwrite = "true"
		Debug.AspNetCompiler.FixedNames = "false"
		Debug.AspNetCompiler.Debug = "True"
		Release.AspNetCompiler.VirtualPath = "/PKWeb"
		Release.AspNetCompiler.PhysicalPath = "src\PKWeb\"
		Release.AspNetCompiler.TargetPath = "PrecompiledWeb\PKWeb\"
		Release.AspNetCompiler.Updateable = "true"
		Release.AspNetCompiler.ForceOverwrite = "true"
		Release.AspNetCompiler.FixedNames = "false"
		Release.AspNetCompiler.Debug = "False"
		SlnRelativePath = "src\PKWeb\"
	EndProjectSection
EndProject
Project("{E24C65DC-7377-472B-9ABA-BC803B73C61A}") = "PKScience", "http://localhost/PKScience", "{EF99409F-0F2F-4C71-906B-DFA957C3617C}"
	ProjectSection(WebsiteProperties) = preProject
		UseIISExpress = "false"
		TargetFrameworkMoniker = ".NETFramework,Version%3Dv4.5.1"
		Debug.AspNetCompiler.VirtualPath = "/PKScience"
		Debug.AspNetCompiler.PhysicalPath = "src\PKScience\"
		Debug.AspNetCompiler.TargetPath = "PrecompiledWeb\PKScience\"
		Debug.AspNetCompiler.Updateable = "true"
		Debug.AspNetCompiler.ForceOverwrite = "true"
		Debug.AspNetCompiler.FixedNames = "false"
		Debug.AspNetCompiler.Debug = "True"
		Release.AspNetCompiler.VirtualPath = "/PKScience"
		Release.AspNetCompiler.PhysicalPath = "src\PKScience\"
		Release.AspNetCompiler.TargetPath = "PrecompiledWeb\PKScience\"
		Release.AspNetCompiler.Updateable = "true"
		Release.AspNetCompiler.ForceOverwrite = "true"
		Release.AspNetCompiler.FixedNames = "false"
		Release.AspNetCompiler.Debug = "False"
		SlnRelativePath = "src\PKScience\"
	EndProjectSection
EndProject
Project("{E24C65DC-7377-472B-9ABA-BC803B73C61A}") = "PKWebback", "http://localhost/PKWebback", "{A1DA304A-38E9-4542-8A5E-536ABCA20A82}"
	ProjectSection(WebsiteProperties) = preProject
		UseIISExpress = "false"
		TargetFrameworkMoniker = ".NETFramework,Version%3Dv4.5.1"
		Debug.AspNetCompiler.VirtualPath = "/PKWebback"
		Debug.AspNetCompiler.PhysicalPath = "src\PKWebBack\"
		Debug.AspNetCompiler.TargetPath = "PrecompiledWeb\PKWebback\"
		Debug.AspNetCompiler.Updateable = "true"
		Debug.AspNetCompiler.ForceOverwrite = "true"
		Debug.AspNetCompiler.FixedNames = "false"
		Debug.AspNetCompiler.Debug = "True"
		Release.AspNetCompiler.VirtualPath = "/PKWebback"
		Release.AspNetCompiler.PhysicalPath = "src\PKWebBack\"
		Release.AspNetCompiler.TargetPath = "PrecompiledWeb\PKWebback\"
		Release.AspNetCompiler.Updateable = "true"
		Release.AspNetCompiler.ForceOverwrite = "true"
		Release.AspNetCompiler.FixedNames = "false"
		Release.AspNetCompiler.Debug = "False"
		SlnRelativePath = "src\PKWebBack\"
	EndProjectSection
EndProject
Global
	GlobalSection(SolutionConfigurationPlatforms) = preSolution
		Debug|Any CPU = Debug|Any CPU
		Release|Any CPU = Release|Any CPU
	EndGlobalSection
	GlobalSection(ProjectConfigurationPlatforms) = postSolution
		{C76513DD-31F2-4873-A39F-DEEB4FF51CAB}.Debug|Any CPU.ActiveCfg = Debug|Any CPU
		{C76513DD-31F2-4873-A39F-DEEB4FF51CAB}.Debug|Any CPU.Build.0 = Debug|Any CPU
		{C76513DD-31F2-4873-A39F-DEEB4FF51CAB}.Release|Any CPU.ActiveCfg = Debug|Any CPU
		{C76513DD-31F2-4873-A39F-DEEB4FF51CAB}.Release|Any CPU.Build.0 = Debug|Any CPU
		{EF99409F-0F2F-4C71-906B-DFA957C3617C}.Debug|Any CPU.ActiveCfg = Debug|Any CPU
		{EF99409F-0F2F-4C71-906B-DFA957C3617C}.Debug|Any CPU.Build.0 = Debug|Any CPU
		{EF99409F-0F2F-4C71-906B-DFA957C3617C}.Release|Any CPU.ActiveCfg = Debug|Any CPU
		{EF99409F-0F2F-4C71-906B-DFA957C3617C}.Release|Any CPU.Build.0 = Debug|Any CPU
		{A1DA304A-38E9-4542-8A5E-536ABCA20A82}.Debug|Any CPU.ActiveCfg = Debug|Any CPU
		{A1DA304A-38E9-4542-8A5E-536ABCA20A82}.Debug|Any CPU.Build.0 = Debug|Any CPU
		{A1DA304A-38E9-4542-8A5E-536ABCA20A82}.Release|Any CPU.ActiveCfg = Debug|Any CPU
		{A1DA304A-38E9-4542-8A5E-536ABCA20A82}.Release|Any CPU.Build.0 = Debug|Any CPU
	EndGlobalSection
	GlobalSection(SolutionProperties) = preSolution
		HideSolutionNode = FALSE
	EndGlobalSection
	GlobalSection(ExtensibilityGlobals) = postSolution
		SolutionGuid = {A5CB4477-0B86-49B5-A93F-CF8FD5013F56}
	EndGlobalSection
EndGlobal
